
Microsoft Visual Studio Solution File, Format Version 12.00
# Visual Studio Version 16
VisualStudioVersion = 16.0.30804.86
MinimumVisualStudioVersion = 10.0.40219.1
Project("{FAE04EC0-301F-11D3-BF4B-00C04F79EFBC}") = "DopaChat.Data", "DopaChat.Data\DopaChat.Data.csproj", "{BFDFD638-FD54-421B-A186-61221542BBFF}"
EndProject
Project("{9A19103F-16F7-4668-BE54-9A1E7A4F7556}") = "DopaChat.DTO", "DopaChat.DTO\DopaChat.DTO.csproj", "{485D6807-0229-4A1F-AFC9-4252FE501F41}"
EndProject
Project("{FAE04EC0-301F-11D3-BF4B-00C04F79EFBC}") = "DopaChat.WebAPI", "DopaChat.WebAPI\DopaChat.WebAPI.csproj", "{1ED499E5-846D-4C14-94FD-6E815403760B}"
EndProject
Global
	GlobalSection(SolutionConfigurationPlatforms) = preSolution
		Debug|Any CPU = Debug|Any CPU
		Release|Any CPU = Release|Any CPU
	EndGlobalSection
	GlobalSection(ProjectConfigurationPlatforms) = postSolution
		{BFDFD638-FD54-421B-A186-61221542BBFF}.Debug|Any CPU.ActiveCfg = Debug|Any CPU
		{BFDFD638-FD54-421B-A186-61221542BBFF}.Debug|Any CPU.Build.0 = Debug|Any CPU
		{BFDFD638-FD54-421B-A186-61221542BBFF}.Release|Any CPU.ActiveCfg = Release|Any CPU
		{BFDFD638-FD54-421B-A186-61221542BBFF}.Release|Any CPU.Build.0 = Release|Any CPU
		{485D6807-0229-4A1F-AFC9-4252FE501F41}.Debug|Any CPU.ActiveCfg = Debug|Any CPU
		{485D6807-0229-4A1F-AFC9-4252FE501F41}.Debug|Any CPU.Build.0 = Debug|Any CPU
		{485D6807-0229-4A1F-AFC9-4252FE501F41}.Release|Any CPU.ActiveCfg = Release|Any CPU
		{485D6807-0229-4A1F-AFC9-4252FE501F41}.Release|Any CPU.Build.0 = Release|Any CPU
		{1ED499E5-846D-4C14-94FD-6E815403760B}.Debug|Any CPU.ActiveCfg = Debug|Any CPU
		{1ED499E5-846D-4C14-94FD-6E815403760B}.Debug|Any CPU.Build.0 = Debug|Any CPU
		{1ED499E5-846D-4C14-94FD-6E815403760B}.Release|Any CPU.ActiveCfg = Release|Any CPU
		{1ED499E5-846D-4C14-94FD-6E815403760B}.Release|Any CPU.Build.0 = Release|Any CPU
	EndGlobalSection
	GlobalSection(SolutionProperties) = preSolution
		HideSolutionNode = FALSE
	EndGlobalSection
	GlobalSection(ExtensibilityGlobals) = postSolution
		SolutionGuid = {A81025B6-161C-4053-99D7-C502944B232F}
	EndGlobalSection
EndGlobal
